
Microsoft Visual Studio Solution File, Format Version 10.00
# Visual Studio 2008
Project("{FAE04EC0-301F-11D3-BF4B-00C04F79EFBC}") = "Centro.MVC", "Centro.MVC\Centro.MVC.csproj", "{5EA6FDF7-AB40-4EEC-9FBF-51659645E3B0}"
EndProject
Project("{FAE04EC0-301F-11D3-BF4B-00C04F79EFBC}") = "Centro.MVC.Specs", "Centro.MVC.Specs\Centro.MVC.Specs.csproj", "{F33FB413-54B4-4CAC-BB1A-572A4DB881F4}"
EndProject
Global
	GlobalSection(SolutionConfigurationPlatforms) = preSolution
		Debug|Any CPU = Debug|Any CPU
		Release|Any CPU = Release|Any CPU
	EndGlobalSection
	GlobalSection(ProjectConfigurationPlatforms) = postSolution
		{5EA6FDF7-AB40-4EEC-9FBF-51659645E3B0}.Debug|Any CPU.ActiveCfg = Debug|Any CPU
		{5EA6FDF7-AB40-4EEC-9FBF-51659645E3B0}.Debug|Any CPU.Build.0 = Debug|Any CPU
		{5EA6FDF7-AB40-4EEC-9FBF-51659645E3B0}.Release|Any CPU.ActiveCfg = Release|Any CPU
		{5EA6FDF7-AB40-4EEC-9FBF-51659645E3B0}.Release|Any CPU.Build.0 = Release|Any CPU
		{F33FB413-54B4-4CAC-BB1A-572A4DB881F4}.Debug|Any CPU.ActiveCfg = Debug|Any CPU
		{F33FB413-54B4-4CAC-BB1A-572A4DB881F4}.Debug|Any CPU.Build.0 = Debug|Any CPU
		{F33FB413-54B4-4CAC-BB1A-572A4DB881F4}.Release|Any CPU.ActiveCfg = Release|Any CPU
		{F33FB413-54B4-4CAC-BB1A-572A4DB881F4}.Release|Any CPU.Build.0 = Release|Any CPU
	EndGlobalSection
	GlobalSection(SolutionProperties) = preSolution
		HideSolutionNode = FALSE
	EndGlobalSection
EndGlobal
