
Microsoft Visual Studio Solution File, Format Version 10.00
# Visual Studio 2008
Project("{FAE04EC0-301F-11D3-BF4B-00C04F79EFBC}") = "Centro.Core", "Centro.Core\Centro.Core.csproj", "{624C8D82-C664-4774-BF02-F85F8CD9BCC2}"
EndProject
Project("{FAE04EC0-301F-11D3-BF4B-00C04F79EFBC}") = "Centro.Core.Specs", "Centro.Core.Specs\Centro.Core.Specs.csproj", "{6B52E44B-7C7E-42AE-BD14-925AD3BB3BBF}"
EndProject
Project("{FAE04EC0-301F-11D3-BF4B-00C04F79EFBC}") = "Centro.Data", "Centro.Data\Centro.Data.csproj", "{6182434F-696D-43A3-A423-18B0DBDE00F2}"
EndProject
Project("{FAE04EC0-301F-11D3-BF4B-00C04F79EFBC}") = "Centro.Web.Mvc", "Centro.Web.Mvc\Centro.Web.Mvc.csproj", "{5EA6FDF7-AB40-4EEC-9FBF-51659645E3B0}"
EndProject
Project("{FAE04EC0-301F-11D3-BF4B-00C04F79EFBC}") = "Centro.Web.Mvc.Specs", "Centro.Web.Mvc.Specs\Centro.Web.Mvc.Specs.csproj", "{F33FB413-54B4-4CAC-BB1A-572A4DB881F4}"
EndProject
Project("{2150E333-8FDC-42A3-9474-1A3956D46DE8}") = "Solution Items", "Solution Items", "{28BCF42B-2598-4EDA-972F-97006C73BF25}"
	ProjectSection(SolutionItems) = preProject
		SolutionInfo.cs = SolutionInfo.cs
	EndProjectSection
EndProject
Project("{FAE04EC0-301F-11D3-BF4B-00C04F79EFBC}") = "NorthwindTests", "NorthwindTests\NorthwindTests.csproj", "{EA3E68B1-A1B2-4757-8DA3-B213862007EA}"
EndProject
Global
	GlobalSection(SolutionConfigurationPlatforms) = preSolution
		Debug|Any CPU = Debug|Any CPU
		Release|Any CPU = Release|Any CPU
	EndGlobalSection
	GlobalSection(ProjectConfigurationPlatforms) = postSolution
		{624C8D82-C664-4774-BF02-F85F8CD9BCC2}.Debug|Any CPU.ActiveCfg = Debug|Any CPU
		{624C8D82-C664-4774-BF02-F85F8CD9BCC2}.Debug|Any CPU.Build.0 = Debug|Any CPU
		{624C8D82-C664-4774-BF02-F85F8CD9BCC2}.Release|Any CPU.ActiveCfg = Release|Any CPU
		{624C8D82-C664-4774-BF02-F85F8CD9BCC2}.Release|Any CPU.Build.0 = Release|Any CPU
		{6B52E44B-7C7E-42AE-BD14-925AD3BB3BBF}.Debug|Any CPU.ActiveCfg = Debug|Any CPU
		{6B52E44B-7C7E-42AE-BD14-925AD3BB3BBF}.Debug|Any CPU.Build.0 = Debug|Any CPU
		{6B52E44B-7C7E-42AE-BD14-925AD3BB3BBF}.Release|Any CPU.ActiveCfg = Release|Any CPU
		{6B52E44B-7C7E-42AE-BD14-925AD3BB3BBF}.Release|Any CPU.Build.0 = Release|Any CPU
		{6182434F-696D-43A3-A423-18B0DBDE00F2}.Debug|Any CPU.ActiveCfg = Debug|Any CPU
		{6182434F-696D-43A3-A423-18B0DBDE00F2}.Debug|Any CPU.Build.0 = Debug|Any CPU
		{6182434F-696D-43A3-A423-18B0DBDE00F2}.Release|Any CPU.ActiveCfg = Release|Any CPU
		{6182434F-696D-43A3-A423-18B0DBDE00F2}.Release|Any CPU.Build.0 = Release|Any CPU
		{5EA6FDF7-AB40-4EEC-9FBF-51659645E3B0}.Debug|Any CPU.ActiveCfg = Debug|Any CPU
		{5EA6FDF7-AB40-4EEC-9FBF-51659645E3B0}.Debug|Any CPU.Build.0 = Debug|Any CPU
		{5EA6FDF7-AB40-4EEC-9FBF-51659645E3B0}.Release|Any CPU.ActiveCfg = Release|Any CPU
		{5EA6FDF7-AB40-4EEC-9FBF-51659645E3B0}.Release|Any CPU.Build.0 = Release|Any CPU
		{F33FB413-54B4-4CAC-BB1A-572A4DB881F4}.Debug|Any CPU.ActiveCfg = Debug|Any CPU
		{F33FB413-54B4-4CAC-BB1A-572A4DB881F4}.Debug|Any CPU.Build.0 = Debug|Any CPU
		{F33FB413-54B4-4CAC-BB1A-572A4DB881F4}.Release|Any CPU.ActiveCfg = Release|Any CPU
		{F33FB413-54B4-4CAC-BB1A-572A4DB881F4}.Release|Any CPU.Build.0 = Release|Any CPU
		{EA3E68B1-A1B2-4757-8DA3-B213862007EA}.Debug|Any CPU.ActiveCfg = Debug|Any CPU
		{EA3E68B1-A1B2-4757-8DA3-B213862007EA}.Debug|Any CPU.Build.0 = Debug|Any CPU
		{EA3E68B1-A1B2-4757-8DA3-B213862007EA}.Release|Any CPU.ActiveCfg = Release|Any CPU
		{EA3E68B1-A1B2-4757-8DA3-B213862007EA}.Release|Any CPU.Build.0 = Release|Any CPU
	EndGlobalSection
	GlobalSection(SolutionProperties) = preSolution
		HideSolutionNode = FALSE
	EndGlobalSection
EndGlobal
